
Microsoft Visual Studio Solution File, Format Version 12.00
# Visual Studio Version 17
VisualStudioVersion = 17.14.36408.4 d17.14
MinimumVisualStudioVersion = 10.0.40219.1
Project("{FAE04EC0-301F-11D3-BF4B-00C04F79EFBC}") = "FlowerBot", "FlowerBot.csproj", "{9B9EE010-7218-432F-811D-6748D2526B2B}"
EndProject
Global
	GlobalSection(SolutionConfigurationPlatforms) = preSolution
		Debug|Any CPU = Debug|Any CPU
		Release|Any CPU = Release|Any CPU
	EndGlobalSection
	GlobalSection(ProjectConfigurationPlatforms) = postSolution
		{9B9EE010-7218-432F-811D-6748D2526B2B}.Debug|Any CPU.ActiveCfg = Debug|Any CPU
		{9B9EE010-7218-432F-811D-6748D2526B2B}.Debug|Any CPU.Build.0 = Debug|Any CPU
		{9B9EE010-7218-432F-811D-6748D2526B2B}.Release|Any CPU.ActiveCfg = Release|Any CPU
		{9B9EE010-7218-432F-811D-6748D2526B2B}.Release|Any CPU.Build.0 = Release|Any CPU
	EndGlobalSection
	GlobalSection(SolutionProperties) = preSolution
		HideSolutionNode = FALSE
	EndGlobalSection
	GlobalSection(ExtensibilityGlobals) = postSolution
		SolutionGuid = {BDC4D2AD-065E-459D-AD5C-FD6D58F756C1}
	EndGlobalSection
EndGlobal
